// !$*UTF8*$!
{
	archiveVersion = 1;
	classes = {
	};
	objectVersion = 56;
	objects = {

/* Begin PBXBuildFile section */
		71DB51E82A5AA0E4004A4D10 /* swiftui_with_firebaseApp.swift in Sources */ = {isa = PBXBuildFile; fileRef = 71DB51E72A5AA0E4004A4D10 /* swiftui_with_firebaseApp.swift */; };
		71DB51EA2A5AA0E4004A4D10 /* ContentView.swift in Sources */ = {isa = PBXBuildFile; fileRef = 71DB51E92A5AA0E4004A4D10 /* ContentView.swift */; };
		71DB51EC2A5AA0E6004A4D10 /* Assets.xcassets in Resources */ = {isa = PBXBuildFile; fileRef = 71DB51EB2A5AA0E6004A4D10 /* Assets.xcassets */; };
		71DB51EF2A5AA0E6004A4D10 /* Preview Assets.xcassets in Resources */ = {isa = PBXBuildFile; fileRef = 71DB51EE2A5AA0E6004A4D10 /* Preview Assets.xcassets */; };
		71DB51F92A5AA0E6004A4D10 /* swiftui_with_firebaseTests.swift in Sources */ = {isa = PBXBuildFile; fileRef = 71DB51F82A5AA0E6004A4D10 /* swiftui_with_firebaseTests.swift */; };
		71DB52032A5AA0E6004A4D10 /* swiftui_with_firebaseUITests.swift in Sources */ = {isa = PBXBuildFile; fileRef = 71DB52022A5AA0E6004A4D10 /* swiftui_with_firebaseUITests.swift */; };
		71DB52052A5AA0E6004A4D10 /* swiftui_with_firebaseUITestsLaunchTests.swift in Sources */ = {isa = PBXBuildFile; fileRef = 71DB52042A5AA0E6004A4D10 /* swiftui_with_firebaseUITestsLaunchTests.swift */; };
/* End PBXBuildFile section */

/* Begin PBXContainerItemProxy section */
		71DB51F52A5AA0E6004A4D10 /* PBXContainerItemProxy */ = {
			isa = PBXContainerItemProxy;
			containerPortal = 71DB51DC2A5AA0E4004A4D10 /* Project object */;
			proxyType = 1;
			remoteGlobalIDString = 71DB51E32A5AA0E4004A4D10;
			remoteInfo = "swiftui-with-firebase";
		};
		71DB51FF2A5AA0E6004A4D10 /* PBXContainerItemProxy */ = {
			isa = PBXContainerItemProxy;
			containerPortal = 71DB51DC2A5AA0E4004A4D10 /* Project object */;
			proxyType = 1;
			remoteGlobalIDString = 71DB51E32A5AA0E4004A4D10;
			remoteInfo = "swiftui-with-firebase";
		};
/* End PBXContainerItemProxy section */

/* Begin PBXFileReference section */
		71DB51E42A5AA0E4004A4D10 /* swiftui-with-firebase.app */ = {isa = PBXFileReference; explicitFileType = wrapper.application; includeInIndex = 0; path = "swiftui-with-firebase.app"; sourceTree = BUILT_PRODUCTS_DIR; };
		71DB51E72A5AA0E4004A4D10 /* swiftui_with_firebaseApp.swift */ = {isa = PBXFileReference; lastKnownFileType = sourcecode.swift; path = swiftui_with_firebaseApp.swift; sourceTree = "<group>"; };
		71DB51E92A5AA0E4004A4D10 /* ContentView.swift */ = {isa = PBXFileReference; lastKnownFileType = sourcecode.swift; path = ContentView.swift; sourceTree = "<group>"; };
		71DB51EB2A5AA0E6004A4D10 /* Assets.xcassets */ = {isa = PBXFileReference; lastKnownFileType = folder.assetcatalog; path = Assets.xcassets; sourceTree = "<group>"; };
		71DB51EE2A5AA0E6004A4D10 /* Preview Assets.xcassets */ = {isa = PBXFileReference; lastKnownFileType = folder.assetcatalog; path = "Preview Assets.xcassets"; sourceTree = "<group>"; };
		71DB51F42A5AA0E6004A4D10 /* swiftui-with-firebaseTests.xctest */ = {isa = PBXFileReference; explicitFileType = wrapper.cfbundle; includeInIndex = 0; path = "swiftui-with-firebaseTests.xctest"; sourceTree = BUILT_PRODUCTS_DIR; };
		71DB51F82A5AA0E6004A4D10 /* swiftui_with_firebaseTests.swift */ = {isa = PBXFileReference; lastKnownFileType = sourcecode.swift; path = swiftui_with_firebaseTests.swift; sourceTree = "<group>"; };
		71DB51FE2A5AA0E6004A4D10 /* swiftui-with-firebaseUITests.xctest */ = {isa = PBXFileReference; explicitFileType = wrapper.cfbundle; includeInIndex = 0; path = "swiftui-with-firebaseUITests.xctest"; sourceTree = BUILT_PRODUCTS_DIR; };
		71DB52022A5AA0E6004A4D10 /* swiftui_with_firebaseUITests.swift */ = {isa = PBXFileReference; lastKnownFileType = sourcecode.swift; path = swiftui_with_firebaseUITests.swift; sourceTree = "<group>"; };
		71DB52042A5AA0E6004A4D10 /* swiftui_with_firebaseUITestsLaunchTests.swift */ = {isa = PBXFileReference; lastKnownFileType = sourcecode.swift; path = swiftui_with_firebaseUITestsLaunchTests.swift; sourceTree = "<group>"; };
/* End PBXFileReference section */

/* Begin PBXFrameworksBuildPhase section */
		71DB51E12A5AA0E4004A4D10 /* Frameworks */ = {
			isa = PBXFrameworksBuildPhase;
			buildActionMask = 2147483647;
			files = (
			);
			runOnlyForDeploymentPostprocessing = 0;
		};
		71DB51F12A5AA0E6004A4D10 /* Frameworks */ = {
			isa = PBXFrameworksBuildPhase;
			buildActionMask = 2147483647;
			files = (
			);
			runOnlyForDeploymentPostprocessing = 0;
		};
		71DB51FB2A5AA0E6004A4D10 /* Frameworks */ = {
			isa = PBXFrameworksBuildPhase;
			buildActionMask = 2147483647;
			files = (
			);
			runOnlyForDeploymentPostprocessing = 0;
		};
/* End PBXFrameworksBuildPhase section */

/* Begin PBXGroup section */
		71DB51DB2A5AA0E4004A4D10 = {
			isa = PBXGroup;
			children = (
				71DB51E62A5AA0E4004A4D10 /* swiftui-with-firebase */,
				71DB51F72A5AA0E6004A4D10 /* swiftui-with-firebaseTests */,
				71DB52012A5AA0E6004A4D10 /* swiftui-with-firebaseUITests */,
				71DB51E52A5AA0E4004A4D10 /* Products */,
			);
			sourceTree = "<group>";
		};
		71DB51E52A5AA0E4004A4D10 /* Products */ = {
			isa = PBXGroup;
			children = (
				71DB51E42A5AA0E4004A4D10 /* swiftui-with-firebase.app */,
				71DB51F42A5AA0E6004A4D10 /* swiftui-with-firebaseTests.xctest */,
				71DB51FE2A5AA0E6004A4D10 /* swiftui-with-firebaseUITests.xctest */,
			);
			name = Products;
			sourceTree = "<group>";
		};
		71DB51E62A5AA0E4004A4D10 /* swiftui-with-firebase */ = {
			isa = PBXGroup;
			children = (
				71DB51E72A5AA0E4004A4D10 /* swiftui_with_firebaseApp.swift */,
				71DB51E92A5AA0E4004A4D10 /* ContentView.swift */,
				71DB51EB2A5AA0E6004A4D10 /* Assets.xcassets */,
				71DB51ED2A5AA0E6004A4D10 /* Preview Content */,
			);
			path = "swiftui-with-firebase";
			sourceTree = "<group>";
		};
		71DB51ED2A5AA0E6004A4D10 /* Preview Content */ = {
			isa = PBXGroup;
			children = (
				71DB51EE2A5AA0E6004A4D10 /* Preview Assets.xcassets */,
			);
			path = "Preview Content";
			sourceTree = "<group>";
		};
		71DB51F72A5AA0E6004A4D10 /* swiftui-with-firebaseTests */ = {
			isa = PBXGroup;
			children = (
				71DB51F82A5AA0E6004A4D10 /* swiftui_with_firebaseTests.swift */,
			);
			path = "swiftui-with-firebaseTests";
			sourceTree = "<group>";
		};
		71DB52012A5AA0E6004A4D10 /* swiftui-with-firebaseUITests */ = {
			isa = PBXGroup;
			children = (
				71DB52022A5AA0E6004A4D10 /* swiftui_with_firebaseUITests.swift */,
				71DB52042A5AA0E6004A4D10 /* swiftui_with_firebaseUITestsLaunchTests.swift */,
			);
			path = "swiftui-with-firebaseUITests";
			sourceTree = "<group>";
		};
/* End PBXGroup section */

/* Begin PBXNativeTarget section */
		71DB51E32A5AA0E4004A4D10 /* swiftui-with-firebase */ = {
			isa = PBXNativeTarget;
			buildConfigurationList = 71DB52082A5AA0E6004A4D10 /* Build configuration list for PBXNativeTarget "swiftui-with-firebase" */;
			buildPhases = (
				71DB51E02A5AA0E4004A4D10 /* Sources */,
				71DB51E12A5AA0E4004A4D10 /* Frameworks */,
				71DB51E22A5AA0E4004A4D10 /* Resources */,
			);
			buildRules = (
			);
			dependencies = (
			);
			name = "swiftui-with-firebase";
			productName = "swiftui-with-firebase";
			productReference = 71DB51E42A5AA0E4004A4D10 /* swiftui-with-firebase.app */;
			productType = "com.apple.product-type.application";
		};
		71DB51F32A5AA0E6004A4D10 /* swiftui-with-firebaseTests */ = {
			isa = PBXNativeTarget;
			buildConfigurationList = 71DB520B2A5AA0E6004A4D10 /* Build configuration list for PBXNativeTarget "swiftui-with-firebaseTests" */;
			buildPhases = (
				71DB51F02A5AA0E6004A4D10 /* Sources */,
				71DB51F12A5AA0E6004A4D10 /* Frameworks */,
				71DB51F22A5AA0E6004A4D10 /* Resources */,
			);
			buildRules = (
			);
			dependencies = (
				71DB51F62A5AA0E6004A4D10 /* PBXTargetDependency */,
			);
			name = "swiftui-with-firebaseTests";
			productName = "swiftui-with-firebaseTests";
			productReference = 71DB51F42A5AA0E6004A4D10 /* swiftui-with-firebaseTests.xctest */;
			productType = "com.apple.product-type.bundle.unit-test";
		};
		71DB51FD2A5AA0E6004A4D10 /* swiftui-with-firebaseUITests */ = {
			isa = PBXNativeTarget;
			buildConfigurationList = 71DB520E2A5AA0E6004A4D10 /* Build configuration list for PBXNativeTarget "swiftui-with-firebaseUITests" */;
			buildPhases = (
				71DB51FA2A5AA0E6004A4D10 /* Sources */,
				71DB51FB2A5AA0E6004A4D10 /* Frameworks */,
				71DB51FC2A5AA0E6004A4D10 /* Resources */,
			);
			buildRules = (
			);
			dependencies = (
				71DB52002A5AA0E6004A4D10 /* PBXTargetDependency */,
			);
			name = "swiftui-with-firebaseUITests";
			productName = "swiftui-with-firebaseUITests";
			productReference = 71DB51FE2A5AA0E6004A4D10 /* swiftui-with-firebaseUITests.xctest */;
			productType = "com.apple.product-type.bundle.ui-testing";
		};
/* End PBXNativeTarget section */

/* Begin PBXProject section */
		71DB51DC2A5AA0E4004A4D10 /* Project object */ = {
			isa = PBXProject;
			attributes = {
				BuildIndependentTargetsInParallel = 1;
				LastSwiftUpdateCheck = 1430;
				LastUpgradeCheck = 1430;
				TargetAttributes = {
					71DB51E32A5AA0E4004A4D10 = {
						CreatedOnToolsVersion = 14.3.1;
					};
					71DB51F32A5AA0E6004A4D10 = {
						CreatedOnToolsVersion = 14.3.1;
						TestTargetID = 71DB51E32A5AA0E4004A4D10;
					};
					71DB51FD2A5AA0E6004A4D10 = {
						CreatedOnToolsVersion = 14.3.1;
						TestTargetID = 71DB51E32A5AA0E4004A4D10;
					};
				};
			};
			buildConfigurationList = 71DB51DF2A5AA0E4004A4D10 /* Build configuration list for PBXProject "swiftui-with-firebase" */;
			compatibilityVersion = "Xcode 14.0";
			developmentRegion = en;
			hasScannedForEncodings = 0;
			knownRegions = (
				en,
				Base,
			);
			mainGroup = 71DB51DB2A5AA0E4004A4D10;
			productRefGroup = 71DB51E52A5AA0E4004A4D10 /* Products */;
			projectDirPath = "";
			projectRoot = "";
			targets = (
				71DB51E32A5AA0E4004A4D10 /* swiftui-with-firebase */,
				71DB51F32A5AA0E6004A4D10 /* swiftui-with-firebaseTests */,
				71DB51FD2A5AA0E6004A4D10 /* swiftui-with-firebaseUITests */,
			);
		};
/* End PBXProject section */

/* Begin PBXResourcesBuildPhase section */
		71DB51E22A5AA0E4004A4D10 /* Resources */ = {
			isa = PBXResourcesBuildPhase;
			buildActionMask = 2147483647;
			files = (
				71DB51EF2A5AA0E6004A4D10 /* Preview Assets.xcassets in Resources */,
				71DB51EC2A5AA0E6004A4D10 /* Assets.xcassets in Resources */,
			);
			runOnlyForDeploymentPostprocessing = 0;
		};
		71DB51F22A5AA0E6004A4D10 /* Resources */ = {
			isa = PBXResourcesBuildPhase;
			buildActionMask = 2147483647;
			files = (
			);
			runOnlyForDeploymentPostprocessing = 0;
		};
		71DB51FC2A5AA0E6004A4D10 /* Resources */ = {
			isa = PBXResourcesBuildPhase;
			buildActionMask = 2147483647;
			files = (
			);
			runOnlyForDeploymentPostprocessing = 0;
		};
/* End PBXResourcesBuildPhase section */

/* Begin PBXSourcesBuildPhase section */
		71DB51E02A5AA0E4004A4D10 /* Sources */ = {
			isa = PBXSourcesBuildPhase;
			buildActionMask = 2147483647;
			files = (
				71DB51EA2A5AA0E4004A4D10 /* ContentView.swift in Sources */,
				71DB51E82A5AA0E4004A4D10 /* swiftui_with_firebaseApp.swift in Sources */,
			);
			runOnlyForDeploymentPostprocessing = 0;
		};
		71DB51F02A5AA0E6004A4D10 /* Sources */ = {
			isa = PBXSourcesBuildPhase;
			buildActionMask = 2147483647;
			files = (
				71DB51F92A5AA0E6004A4D10 /* swiftui_with_firebaseTests.swift in Sources */,
			);
			runOnlyForDeploymentPostprocessing = 0;
		};
		71DB51FA2A5AA0E6004A4D10 /* Sources */ = {
			isa = PBXSourcesBuildPhase;
			buildActionMask = 2147483647;
			files = (
				71DB52032A5AA0E6004A4D10 /* swiftui_with_firebaseUITests.swift in Sources */,
				71DB52052A5AA0E6004A4D10 /* swiftui_with_firebaseUITestsLaunchTests.swift in Sources */,
			);
			runOnlyForDeploymentPostprocessing = 0;
		};
/* End PBXSourcesBuildPhase section */

/* Begin PBXTargetDependency section */
		71DB51F62A5AA0E6004A4D10 /* PBXTargetDependency */ = {
			isa = PBXTargetDependency;
			target = 71DB51E32A5AA0E4004A4D10 /* swiftui-with-firebase */;
			targetProxy = 71DB51F52A5AA0E6004A4D10 /* PBXContainerItemProxy */;
		};
		71DB52002A5AA0E6004A4D10 /* PBXTargetDependency */ = {
			isa = PBXTargetDependency;
			target = 71DB51E32A5AA0E4004A4D10 /* swiftui-with-firebase */;
			targetProxy = 71DB51FF2A5AA0E6004A4D10 /* PBXContainerItemProxy */;
		};
/* End PBXTargetDependency section */

/* Begin XCBuildConfiguration section */
		71DB52062A5AA0E6004A4D10 /* Debug */ = {
			isa = XCBuildConfiguration;
			buildSettings = {
				ALWAYS_SEARCH_USER_PATHS = NO;
				CLANG_ANALYZER_NONNULL = YES;
				CLANG_ANALYZER_NUMBER_OBJECT_CONVERSION = YES_AGGRESSIVE;
				CLANG_CXX_LANGUAGE_STANDARD = "gnu++20";
				CLANG_ENABLE_MODULES = YES;
				CLANG_ENABLE_OBJC_ARC = YES;
				CLANG_ENABLE_OBJC_WEAK = YES;
				CLANG_WARN_BLOCK_CAPTURE_AUTORELEASING = YES;
				CLANG_WARN_BOOL_CONVERSION = YES;
				CLANG_WARN_COMMA = YES;
				CLANG_WARN_CONSTANT_CONVERSION = YES;
				CLANG_WARN_DEPRECATED_OBJC_IMPLEMENTATIONS = YES;
				CLANG_WARN_DIRECT_OBJC_ISA_USAGE = YES_ERROR;
				CLANG_WARN_DOCUMENTATION_COMMENTS = YES;
				CLANG_WARN_EMPTY_BODY = YES;
				CLANG_WARN_ENUM_CONVERSION = YES;
				CLANG_WARN_INFINITE_RECURSION = YES;
				CLANG_WARN_INT_CONVERSION = YES;
				CLANG_WARN_NON_LITERAL_NULL_CONVERSION = YES;
				CLANG_WARN_OBJC_IMPLICIT_RETAIN_SELF = YES;
				CLANG_WARN_OBJC_LITERAL_CONVERSION = YES;
				CLANG_WARN_OBJC_ROOT_CLASS = YES_ERROR;
				CLANG_WARN_QUOTED_INCLUDE_IN_FRAMEWORK_HEADER = YES;
				CLANG_WARN_RANGE_LOOP_ANALYSIS = YES;
				CLANG_WARN_STRICT_PROTOTYPES = YES;
				CLANG_WARN_SUSPICIOUS_MOVE = YES;
				CLANG_WARN_UNGUARDED_AVAILABILITY = YES_AGGRESSIVE;
				CLANG_WARN_UNREACHABLE_CODE = YES;
				CLANG_WARN__DUPLICATE_METHOD_MATCH = YES;
				COPY_PHASE_STRIP = NO;
				DEBUG_INFORMATION_FORMAT = dwarf;
				ENABLE_STRICT_OBJC_MSGSEND = YES;
				ENABLE_TESTABILITY = YES;
				GCC_C_LANGUAGE_STANDARD = gnu11;
				GCC_DYNAMIC_NO_PIC = NO;
				GCC_NO_COMMON_BLOCKS = YES;
				GCC_OPTIMIZATION_LEVEL = 0;
				GCC_PREPROCESSOR_DEFINITIONS = (
					"DEBUG=1",
					"$(inherited)",
				);
				GCC_WARN_64_TO_32_BIT_CONVERSION = YES;
				GCC_WARN_ABOUT_RETURN_TYPE = YES_ERROR;
				GCC_WARN_UNDECLARED_SELECTOR = YES;
				GCC_WARN_UNINITIALIZED_AUTOS = YES_AGGRESSIVE;
				GCC_WARN_UNUSED_FUNCTION = YES;
				GCC_WARN_UNUSED_VARIABLE = YES;
				IPHONEOS_DEPLOYMENT_TARGET = 16.4;
				MTL_ENABLE_DEBUG_INFO = INCLUDE_SOURCE;
				MTL_FAST_MATH = YES;
				ONLY_ACTIVE_ARCH = YES;
				SDKROOT = iphoneos;
				SWIFT_ACTIVE_COMPILATION_CONDITIONS = DEBUG;
				SWIFT_OPTIMIZATION_LEVEL = "-Onone";
			};
			name = Debug;
		};
		71DB52072A5AA0E6004A4D10 /* Release */ = {
			isa = XCBuildConfiguration;
			buildSettings = {
				ALWAYS_SEARCH_USER_PATHS = NO;
				CLANG_ANALYZER_NONNULL = YES;
				CLANG_ANALYZER_NUMBER_OBJECT_CONVERSION = YES_AGGRESSIVE;
				CLANG_CXX_LANGUAGE_STANDARD = "gnu++20";
				CLANG_ENABLE_MODULES = YES;
				CLANG_ENABLE_OBJC_ARC = YES;
				CLANG_ENABLE_OBJC_WEAK = YES;
				CLANG_WARN_BLOCK_CAPTURE_AUTORELEASING = YES;
				CLANG_WARN_BOOL_CONVERSION = YES;
				CLANG_WARN_COMMA = YES;
				CLANG_WARN_CONSTANT_CONVERSION = YES;
				CLANG_WARN_DEPRECATED_OBJC_IMPLEMENTATIONS = YES;
				CLANG_WARN_DIRECT_OBJC_ISA_USAGE = YES_ERROR;
				CLANG_WARN_DOCUMENTATION_COMMENTS = YES;
				CLANG_WARN_EMPTY_BODY = YES;
				CLANG_WARN_ENUM_CONVERSION = YES;
				CLANG_WARN_INFINITE_RECURSION = YES;
				CLANG_WARN_INT_CONVERSION = YES;
				CLANG_WARN_NON_LITERAL_NULL_CONVERSION = YES;
				CLANG_WARN_OBJC_IMPLICIT_RETAIN_SELF = YES;
				CLANG_WARN_OBJC_LITERAL_CONVERSION = YES;
				CLANG_WARN_OBJC_ROOT_CLASS = YES_ERROR;
				CLANG_WARN_QUOTED_INCLUDE_IN_FRAMEWORK_HEADER = YES;
				CLANG_WARN_RANGE_LOOP_ANALYSIS = YES;
				CLANG_WARN_STRICT_PROTOTYPES = YES;
				CLANG_WARN_SUSPICIOUS_MOVE = YES;
				CLANG_WARN_UNGUARDED_AVAILABILITY = YES_AGGRESSIVE;
				CLANG_WARN_UNREACHABLE_CODE = YES;
				CLANG_WARN__DUPLICATE_METHOD_MATCH = YES;
				COPY_PHASE_STRIP = NO;
				DEBUG_INFORMATION_FORMAT = "dwarf-with-dsym";
				ENABLE_NS_ASSERTIONS = NO;
				ENABLE_STRICT_OBJC_MSGSEND = YES;
				GCC_C_LANGUAGE_STANDARD = gnu11;
				GCC_NO_COMMON_BLOCKS = YES;
				GCC_WARN_64_TO_32_BIT_CONVERSION = YES;
				GCC_WARN_ABOUT_RETURN_TYPE = YES_ERROR;
				GCC_WARN_UNDECLARED_SELECTOR = YES;
				GCC_WARN_UNINITIALIZED_AUTOS = YES_AGGRESSIVE;
				GCC_WARN_UNUSED_FUNCTION = YES;
				GCC_WARN_UNUSED_VARIABLE = YES;
				IPHONEOS_DEPLOYMENT_TARGET = 16.4;
				MTL_ENABLE_DEBUG_INFO = NO;
				MTL_FAST_MATH = YES;
				SDKROOT = iphoneos;
				SWIFT_COMPILATION_MODE = wholemodule;
				SWIFT_OPTIMIZATION_LEVEL = "-O";
				VALIDATE_PRODUCT = YES;
			};
			name = Release;
		};
		71DB52092A5AA0E6004A4D10 /* Debug */ = {
			isa = XCBuildConfiguration;
			buildSettings = {
				ASSETCATALOG_COMPILER_APPICON_NAME = AppIcon;
				ASSETCATALOG_COMPILER_GLOBAL_ACCENT_COLOR_NAME = AccentColor;
				CODE_SIGN_STYLE = Automatic;
				CURRENT_PROJECT_VERSION = 1;
				DEVELOPMENT_ASSET_PATHS = "\"swiftui-with-firebase/Preview Content\"";
				DEVELOPMENT_TEAM = 6S26P265HB;
				ENABLE_PREVIEWS = YES;
				GENERATE_INFOPLIST_FILE = YES;
				INFOPLIST_KEY_UIApplicationSceneManifest_Generation = YES;
				INFOPLIST_KEY_UIApplicationSupportsIndirectInputEvents = YES;
				INFOPLIST_KEY_UILaunchScreen_Generation = YES;
				INFOPLIST_KEY_UISupportedInterfaceOrientations_iPad = "UIInterfaceOrientationPortrait UIInterfaceOrientationPortraitUpsideDown UIInterfaceOrientationLandscapeLeft UIInterfaceOrientationLandscapeRight";
				INFOPLIST_KEY_UISupportedInterfaceOrientations_iPhone = "UIInterfaceOrientationPortrait UIInterfaceOrientationLandscapeLeft UIInterfaceOrientationLandscapeRight";
				LD_RUNPATH_SEARCH_PATHS = (
					"$(inherited)",
					"@executable_path/Frameworks",
				);
				MARKETING_VERSION = 1.0;
				PRODUCT_BUNDLE_IDENTIFIER = "com.slray.com.swiftui-with-firebase";
				PRODUCT_NAME = "$(TARGET_NAME)";
				SWIFT_EMIT_LOC_STRINGS = YES;
				SWIFT_VERSION = 5.0;
				TARGETED_DEVICE_FAMILY = "1,2";
			};
			name = Debug;
		};
		71DB520A2A5AA0E6004A4D10 /* Release */ = {
			isa = XCBuildConfiguration;
			buildSettings = {
				ASSETCATALOG_COMPILER_APPICON_NAME = AppIcon;
				ASSETCATALOG_COMPILER_GLOBAL_ACCENT_COLOR_NAME = AccentColor;
				CODE_SIGN_STYLE = Automatic;
				CURRENT_PROJECT_VERSION = 1;
				DEVELOPMENT_ASSET_PATHS = "\"swiftui-with-firebase/Preview Content\"";
				DEVELOPMENT_TEAM = 6S26P265HB;
				ENABLE_PREVIEWS = YES;
				GENERATE_INFOPLIST_FILE = YES;
				INFOPLIST_KEY_UIApplicationSceneManifest_Generation = YES;
				INFOPLIST_KEY_UIApplicationSupportsIndirectInputEvents = YES;
				INFOPLIST_KEY_UILaunchScreen_Generation = YES;
				INFOPLIST_KEY_UISupportedInterfaceOrientations_iPad = "UIInterfaceOrientationPortrait UIInterfaceOrientationPortraitUpsideDown UIInterfaceOrientationLandscapeLeft UIInterfaceOrientationLandscapeRight";
				INFOPLIST_KEY_UISupportedInterfaceOrientations_iPhone = "UIInterfaceOrientationPortrait UIInterfaceOrientationLandscapeLeft UIInterfaceOrientationLandscapeRight";
				LD_RUNPATH_SEARCH_PATHS = (
					"$(inherited)",
					"@executable_path/Frameworks",
				);
				MARKETING_VERSION = 1.0;
				PRODUCT_BUNDLE_IDENTIFIER = "com.slray.com.swiftui-with-firebase";
				PRODUCT_NAME = "$(TARGET_NAME)";
				SWIFT_EMIT_LOC_STRINGS = YES;
				SWIFT_VERSION = 5.0;
				TARGETED_DEVICE_FAMILY = "1,2";
			};
			name = Release;
		};
		71DB520C2A5AA0E6004A4D10 /* Debug */ = {
			isa = XCBuildConfiguration;
			buildSettings = {
				ALWAYS_EMBED_SWIFT_STANDARD_LIBRARIES = YES;
				BUNDLE_LOADER = "$(TEST_HOST)";
				CODE_SIGN_STYLE = Automatic;
				CURRENT_PROJECT_VERSION = 1;
				DEVELOPMENT_TEAM = 6S26P265HB;
				GENERATE_INFOPLIST_FILE = YES;
				IPHONEOS_DEPLOYMENT_TARGET = 16.4;
				MARKETING_VERSION = 1.0;
				PRODUCT_BUNDLE_IDENTIFIER = "com.slray.com.swiftui-with-firebaseTests";
				PRODUCT_NAME = "$(TARGET_NAME)";
				SWIFT_EMIT_LOC_STRINGS = NO;
				SWIFT_VERSION = 5.0;
				TARGETED_DEVICE_FAMILY = "1,2";
				TEST_HOST = "$(BUILT_PRODUCTS_DIR)/swiftui-with-firebase.app/$(BUNDLE_EXECUTABLE_FOLDER_PATH)/swiftui-with-firebase";
			};
			name = Debug;
		};
		71DB520D2A5AA0E6004A4D10 /* Release */ = {
			isa = XCBuildConfiguration;
			buildSettings = {
				ALWAYS_EMBED_SWIFT_STANDARD_LIBRARIES = YES;
				BUNDLE_LOADER = "$(TEST_HOST)";
				CODE_SIGN_STYLE = Automatic;
				CURRENT_PROJECT_VERSION = 1;
				DEVELOPMENT_TEAM = 6S26P265HB;
				GENERATE_INFOPLIST_FILE = YES;
				IPHONEOS_DEPLOYMENT_TARGET = 16.4;
				MARKETING_VERSION = 1.0;
				PRODUCT_BUNDLE_IDENTIFIER = "com.slray.com.swiftui-with-firebaseTests";
				PRODUCT_NAME = "$(TARGET_NAME)";
				SWIFT_EMIT_LOC_STRINGS = NO;
				SWIFT_VERSION = 5.0;
				TARGETED_DEVICE_FAMILY = "1,2";
				TEST_HOST = "$(BUILT_PRODUCTS_DIR)/swiftui-with-firebase.app/$(BUNDLE_EXECUTABLE_FOLDER_PATH)/swiftui-with-firebase";
			};
			name = Release;
		};
		71DB520F2A5AA0E6004A4D10 /* Debug */ = {
			isa = XCBuildConfiguration;
			buildSettings = {
				ALWAYS_EMBED_SWIFT_STANDARD_LIBRARIES = YES;
				CODE_SIGN_STYLE = Automatic;
				CURRENT_PROJECT_VERSION = 1;
				DEVELOPMENT_TEAM = 6S26P265HB;
				GENERATE_INFOPLIST_FILE = YES;
				MARKETING_VERSION = 1.0;
				PRODUCT_BUNDLE_IDENTIFIER = "com.slray.com.swiftui-with-firebaseUITests";
				PRODUCT_NAME = "$(TARGET_NAME)";
				SWIFT_EMIT_LOC_STRINGS = NO;
				SWIFT_VERSION = 5.0;
				TARGETED_DEVICE_FAMILY = "1,2";
				TEST_TARGET_NAME = "swiftui-with-firebase";
			};
			name = Debug;
		};
		71DB52102A5AA0E6004A4D10 /* Release */ = {
			isa = XCBuildConfiguration;
			buildSettings = {
				ALWAYS_EMBED_SWIFT_STANDARD_LIBRARIES = YES;
				CODE_SIGN_STYLE = Automatic;
				CURRENT_PROJECT_VERSION = 1;
				DEVELOPMENT_TEAM = 6S26P265HB;
				GENERATE_INFOPLIST_FILE = YES;
				MARKETING_VERSION = 1.0;
				PRODUCT_BUNDLE_IDENTIFIER = "com.slray.com.swiftui-with-firebaseUITests";
				PRODUCT_NAME = "$(TARGET_NAME)";
				SWIFT_EMIT_LOC_STRINGS = NO;
				SWIFT_VERSION = 5.0;
				TARGETED_DEVICE_FAMILY = "1,2";
				TEST_TARGET_NAME = "swiftui-with-firebase";
			};
			name = Release;
		};
/* End XCBuildConfiguration section */

/* Begin XCConfigurationList section */
		71DB51DF2A5AA0E4004A4D10 /* Build configuration list for PBXProject "swiftui-with-firebase" */ = {
			isa = XCConfigurationList;
			buildConfigurations = (
				71DB52062A5AA0E6004A4D10 /* Debug */,
				71DB52072A5AA0E6004A4D10 /* Release */,
			);
			defaultConfigurationIsVisible = 0;
			defaultConfigurationName = Release;
		};
		71DB52082A5AA0E6004A4D10 /* Build configuration list for PBXNativeTarget "swiftui-with-firebase" */ = {
			isa = XCConfigurationList;
			buildConfigurations = (
				71DB52092A5AA0E6004A4D10 /* Debug */,
				71DB520A2A5AA0E6004A4D10 /* Release */,
			);
			defaultConfigurationIsVisible = 0;
			defaultConfigurationName = Release;
		};
		71DB520B2A5AA0E6004A4D10 /* Build configuration list for PBXNativeTarget "swiftui-with-firebaseTests" */ = {
			isa = XCConfigurationList;
			buildConfigurations = (
				71DB520C2A5AA0E6004A4D10 /* Debug */,
				71DB520D2A5AA0E6004A4D10 /* Release */,
			);
			defaultConfigurationIsVisible = 0;
			defaultConfigurationName = Release;
		};
		71DB520E2A5AA0E6004A4D10 /* Build configuration list for PBXNativeTarget "swiftui-with-firebaseUITests" */ = {
			isa = XCConfigurationList;
			buildConfigurations = (
				71DB520F2A5AA0E6004A4D10 /* Debug */,
				71DB52102A5AA0E6004A4D10 /* Release */,
			);
			defaultConfigurationIsVisible = 0;
			defaultConfigurationName = Release;
		};
/* End XCConfigurationList section */
	};
	rootObject = 71DB51DC2A5AA0E4004A4D10 /* Project object */;
}
